// !$*UTF8*$!
{
	archiveVersion = 1;
	classes = {
	};
	objectVersion = 50;
	objects = {

/* Begin PBXBuildFile section */
		4640423C216FA67E00E85245 /* station_name.js in Resources */ = {isa = PBXBuildFile; fileRef = 4640423B216FA67D00E85245 /* station_name.js */; };
		4640423E21704E9200E85245 /* RouteListTableViewCell.swift in Sources */ = {isa = PBXBuildFile; fileRef = 4640423D21704E9200E85245 /* RouteListTableViewCell.swift */; };
		464042402171A93A00E85245 /* SubscribedViewController.swift in Sources */ = {isa = PBXBuildFile; fileRef = 4640423F2171A93A00E85245 /* SubscribedViewController.swift */; };
		46404242217316D700E85245 /* TabViewController.swift in Sources */ = {isa = PBXBuildFile; fileRef = 46404241217316D700E85245 /* TabViewController.swift */; };
		46421646216EEAEA0007A4BE /* AppDelegate.swift in Sources */ = {isa = PBXBuildFile; fileRef = 46421645216EEAEA0007A4BE /* AppDelegate.swift */; };
		4642164B216EEAEA0007A4BE /* Main.storyboard in Resources */ = {isa = PBXBuildFile; fileRef = 46421649216EEAEA0007A4BE /* Main.storyboard */; };
		4642164D216EEAEB0007A4BE /* Assets.xcassets in Resources */ = {isa = PBXBuildFile; fileRef = 4642164C216EEAEB0007A4BE /* Assets.xcassets */; };
		46421650216EEAEB0007A4BE /* LaunchScreen.storyboard in Resources */ = {isa = PBXBuildFile; fileRef = 4642164E216EEAEB0007A4BE /* LaunchScreen.storyboard */; };
		4642165A216EEC650007A4BE /* Route.swift in Sources */ = {isa = PBXBuildFile; fileRef = 46421659216EEC650007A4BE /* Route.swift */; };
		4642165C216EEC720007A4BE /* TicketQuery.swift in Sources */ = {isa = PBXBuildFile; fileRef = 4642165B216EEC720007A4BE /* TicketQuery.swift */; };
		46421660216EEE2C0007A4BE /* 订阅按钮.png in Resources */ = {isa = PBXBuildFile; fileRef = 4642165F216EEE2C0007A4BE /* 订阅按钮.png */; };
		46421662216EEE6B0007A4BE /* HomeScreenViewController.swift in Sources */ = {isa = PBXBuildFile; fileRef = 46421661216EEE6B0007A4BE /* HomeScreenViewController.swift */; };
		46421666216EFA250007A4BE /* StationCode.swift in Sources */ = {isa = PBXBuildFile; fileRef = 46421665216EFA250007A4BE /* StationCode.swift */; };
		4642168F216F2D860007A4BE /* code.js in Resources */ = {isa = PBXBuildFile; fileRef = 4642168E216F2D860007A4BE /* code.js */; };
		46A48F36217C0FB8001B53AF /* LogInViewController.swift in Sources */ = {isa = PBXBuildFile; fileRef = 46A48F35217C0FB8001B53AF /* LogInViewController.swift */; };
		46A48F38217C2978001B53AF /* SelfViewController.swift in Sources */ = {isa = PBXBuildFile; fileRef = 46A48F37217C2978001B53AF /* SelfViewController.swift */; };
		5A500908FDE9A4B5460A0820 /* Pods_TicketAlert.framework in Frameworks */ = {isa = PBXBuildFile; fileRef = 3429040A23CA6CB64E737320 /* Pods_TicketAlert.framework */; };
/* End PBXBuildFile section */

/* Begin PBXFileReference section */
		16325B59E4C978D417C60B5F /* Pods-TicketAlert.debug.xcconfig */ = {isa = PBXFileReference; includeInIndex = 1; lastKnownFileType = text.xcconfig; name = "Pods-TicketAlert.debug.xcconfig"; path = "Pods/Target Support Files/Pods-TicketAlert/Pods-TicketAlert.debug.xcconfig"; sourceTree = "<group>"; };
		3429040A23CA6CB64E737320 /* Pods_TicketAlert.framework */ = {isa = PBXFileReference; explicitFileType = wrapper.framework; includeInIndex = 0; path = Pods_TicketAlert.framework; sourceTree = BUILT_PRODUCTS_DIR; };
		4640423B216FA67D00E85245 /* station_name.js */ = {isa = PBXFileReference; fileEncoding = 4; lastKnownFileType = sourcecode.javascript; path = station_name.js; sourceTree = "<group>"; };
		4640423D21704E9200E85245 /* RouteListTableViewCell.swift */ = {isa = PBXFileReference; lastKnownFileType = sourcecode.swift; path = RouteListTableViewCell.swift; sourceTree = "<group>"; };
		4640423F2171A93A00E85245 /* SubscribedViewController.swift */ = {isa = PBXFileReference; lastKnownFileType = sourcecode.swift; path = SubscribedViewController.swift; sourceTree = "<group>"; };
		46404241217316D700E85245 /* TabViewController.swift */ = {isa = PBXFileReference; lastKnownFileType = sourcecode.swift; path = TabViewController.swift; sourceTree = "<group>"; };
		46421642216EEAEA0007A4BE /* TicketAlert.app */ = {isa = PBXFileReference; explicitFileType = wrapper.application; includeInIndex = 0; path = TicketAlert.app; sourceTree = BUILT_PRODUCTS_DIR; };
		46421645216EEAEA0007A4BE /* AppDelegate.swift */ = {isa = PBXFileReference; lastKnownFileType = sourcecode.swift; path = AppDelegate.swift; sourceTree = "<group>"; };
		4642164A216EEAEA0007A4BE /* Base */ = {isa = PBXFileReference; lastKnownFileType = file.storyboard; name = Base; path = Base.lproj/Main.storyboard; sourceTree = "<group>"; };
		4642164C216EEAEB0007A4BE /* Assets.xcassets */ = {isa = PBXFileReference; lastKnownFileType = folder.assetcatalog; path = Assets.xcassets; sourceTree = "<group>"; };
		4642164F216EEAEB0007A4BE /* Base */ = {isa = PBXFileReference; lastKnownFileType = file.storyboard; name = Base; path = Base.lproj/LaunchScreen.storyboard; sourceTree = "<group>"; };
		46421651216EEAEB0007A4BE /* Info.plist */ = {isa = PBXFileReference; lastKnownFileType = text.plist.xml; path = Info.plist; sourceTree = "<group>"; };
		46421659216EEC650007A4BE /* Route.swift */ = {isa = PBXFileReference; lastKnownFileType = sourcecode.swift; path = Route.swift; sourceTree = "<group>"; };
		4642165B216EEC720007A4BE /* TicketQuery.swift */ = {isa = PBXFileReference; lastKnownFileType = sourcecode.swift; path = TicketQuery.swift; sourceTree = "<group>"; };
		4642165F216EEE2C0007A4BE /* 订阅按钮.png */ = {isa = PBXFileReference; lastKnownFileType = image.png; path = "订阅按钮.png"; sourceTree = "<group>"; };
		46421661216EEE6B0007A4BE /* HomeScreenViewController.swift */ = {isa = PBXFileReference; lastKnownFileType = sourcecode.swift; path = HomeScreenViewController.swift; sourceTree = "<group>"; };
		46421665216EFA250007A4BE /* StationCode.swift */ = {isa = PBXFileReference; lastKnownFileType = sourcecode.swift; path = StationCode.swift; sourceTree = "<group>"; };
		4642168E216F2D860007A4BE /* code.js */ = {isa = PBXFileReference; fileEncoding = 4; lastKnownFileType = sourcecode.javascript; path = code.js; sourceTree = "<group>"; };
		46A48F35217C0FB8001B53AF /* LogInViewController.swift */ = {isa = PBXFileReference; lastKnownFileType = sourcecode.swift; path = LogInViewController.swift; sourceTree = "<group>"; };
		46A48F37217C2978001B53AF /* SelfViewController.swift */ = {isa = PBXFileReference; lastKnownFileType = sourcecode.swift; path = SelfViewController.swift; sourceTree = "<group>"; };
		C298192BF6139214864D51D2 /* Pods-TicketAlert.release.xcconfig */ = {isa = PBXFileReference; includeInIndex = 1; lastKnownFileType = text.xcconfig; name = "Pods-TicketAlert.release.xcconfig"; path = "Pods/Target Support Files/Pods-TicketAlert/Pods-TicketAlert.release.xcconfig"; sourceTree = "<group>"; };
/* End PBXFileReference section */

/* Begin PBXFrameworksBuildPhase section */
		4642163F216EEAEA0007A4BE /* Frameworks */ = {
			isa = PBXFrameworksBuildPhase;
			buildActionMask = 2147483647;
			files = (
				5A500908FDE9A4B5460A0820 /* Pods_TicketAlert.framework in Frameworks */,
			);
			runOnlyForDeploymentPostprocessing = 0;
		};
/* End PBXFrameworksBuildPhase section */

/* Begin PBXGroup section */
		4042663366D7398DBBB8F318 /* Pods */ = {
			isa = PBXGroup;
			children = (
				16325B59E4C978D417C60B5F /* Pods-TicketAlert.debug.xcconfig */,
				C298192BF6139214864D51D2 /* Pods-TicketAlert.release.xcconfig */,
			);
			name = Pods;
			sourceTree = "<group>";
		};
		46421639216EEAEA0007A4BE = {
			isa = PBXGroup;
			children = (
				46421644216EEAEA0007A4BE /* TicketAlert */,
				46421643216EEAEA0007A4BE /* Products */,
				4042663366D7398DBBB8F318 /* Pods */,
				74EF3F5FB233BD92FD956203 /* Frameworks */,
			);
			sourceTree = "<group>";
		};
		46421643216EEAEA0007A4BE /* Products */ = {
			isa = PBXGroup;
			children = (
				46421642216EEAEA0007A4BE /* TicketAlert.app */,
			);
			name = Products;
			sourceTree = "<group>";
		};
		46421644216EEAEA0007A4BE /* TicketAlert */ = {
			isa = PBXGroup;
			children = (
				46421658216EEC580007A4BE /* Models */,
				46421649216EEAEA0007A4BE /* Main.storyboard */,
				46421661216EEE6B0007A4BE /* HomeScreenViewController.swift */,
				4640423F2171A93A00E85245 /* SubscribedViewController.swift */,
				4640423D21704E9200E85245 /* RouteListTableViewCell.swift */,
				46A48F35217C0FB8001B53AF /* LogInViewController.swift */,
				46A48F37217C2978001B53AF /* SelfViewController.swift */,
				46404241217316D700E85245 /* TabViewController.swift */,
				46421651216EEAEB0007A4BE /* Info.plist */,
				46421657216EEC350007A4BE /* Supporting Files */,
			);
			path = TicketAlert;
			sourceTree = "<group>";
		};
		46421657216EEC350007A4BE /* Supporting Files */ = {
			isa = PBXGroup;
			children = (
				4642168E216F2D860007A4BE /* code.js */,
				4640423B216FA67D00E85245 /* station_name.js */,
				4642164C216EEAEB0007A4BE /* Assets.xcassets */,
				4642165F216EEE2C0007A4BE /* 订阅按钮.png */,
				46421645216EEAEA0007A4BE /* AppDelegate.swift */,
				4642164E216EEAEB0007A4BE /* LaunchScreen.storyboard */,
			);
			path = "Supporting Files";
			sourceTree = "<group>";
		};
		46421658216EEC580007A4BE /* Models */ = {
			isa = PBXGroup;
			children = (
				46421659216EEC650007A4BE /* Route.swift */,
				4642165B216EEC720007A4BE /* TicketQuery.swift */,
				46421665216EFA250007A4BE /* StationCode.swift */,
			);
			path = Models;
			sourceTree = "<group>";
		};
		74EF3F5FB233BD92FD956203 /* Frameworks */ = {
			isa = PBXGroup;
			children = (
				3429040A23CA6CB64E737320 /* Pods_TicketAlert.framework */,
			);
			name = Frameworks;
			sourceTree = "<group>";
		};
/* End PBXGroup section */

/* Begin PBXNativeTarget section */
		46421641216EEAEA0007A4BE /* TicketAlert */ = {
			isa = PBXNativeTarget;
			buildConfigurationList = 46421654216EEAEB0007A4BE /* Build configuration list for PBXNativeTarget "TicketAlert" */;
			buildPhases = (
				F4133F8986069116EE370BA9 /* [CP] Check Pods Manifest.lock */,
				4642163E216EEAEA0007A4BE /* Sources */,
				4642163F216EEAEA0007A4BE /* Frameworks */,
				46421640216EEAEA0007A4BE /* Resources */,
				DEA6A5C7D32C935F9203545A /* [CP] Embed Pods Frameworks */,
			);
			buildRules = (
			);
			dependencies = (
			);
			name = TicketAlert;
			productName = TicketAlert;
			productReference = 46421642216EEAEA0007A4BE /* TicketAlert.app */;
			productType = "com.apple.product-type.application";
		};
/* End PBXNativeTarget section */

/* Begin PBXProject section */
		4642163A216EEAEA0007A4BE /* Project object */ = {
			isa = PBXProject;
			attributes = {
				LastSwiftUpdateCheck = 1000;
				LastUpgradeCheck = 1000;
				ORGANIZATIONNAME = "Wangshu Zhu";
				TargetAttributes = {
					46421641216EEAEA0007A4BE = {
						CreatedOnToolsVersion = 10.0;
					};
				};
			};
			buildConfigurationList = 4642163D216EEAEA0007A4BE /* Build configuration list for PBXProject "TicketAlert" */;
			compatibilityVersion = "Xcode 9.3";
			developmentRegion = en;
			hasScannedForEncodings = 0;
			knownRegions = (
				en,
				Base,
			);
			mainGroup = 46421639216EEAEA0007A4BE;
			productRefGroup = 46421643216EEAEA0007A4BE /* Products */;
			projectDirPath = "";
			projectRoot = "";
			targets = (
				46421641216EEAEA0007A4BE /* TicketAlert */,
			);
		};
/* End PBXProject section */

/* Begin PBXResourcesBuildPhase section */
		46421640216EEAEA0007A4BE /* Resources */ = {
			isa = PBXResourcesBuildPhase;
			buildActionMask = 2147483647;
			files = (
				46421650216EEAEB0007A4BE /* LaunchScreen.storyboard in Resources */,
				4642164D216EEAEB0007A4BE /* Assets.xcassets in Resources */,
				4642164B216EEAEA0007A4BE /* Main.storyboard in Resources */,
				4642168F216F2D860007A4BE /* code.js in Resources */,
				4640423C216FA67E00E85245 /* station_name.js in Resources */,
				46421660216EEE2C0007A4BE /* 订阅按钮.png in Resources */,
			);
			runOnlyForDeploymentPostprocessing = 0;
		};
/* End PBXResourcesBuildPhase section */

/* Begin PBXShellScriptBuildPhase section */
		DEA6A5C7D32C935F9203545A /* [CP] Embed Pods Frameworks */ = {
			isa = PBXShellScriptBuildPhase;
			buildActionMask = 2147483647;
			files = (
			);
			inputFileListPaths = (
			);
			inputPaths = (
				"${SRCROOT}/Pods/Target Support Files/Pods-TicketAlert/Pods-TicketAlert-frameworks.sh",
				"${BUILT_PRODUCTS_DIR}/Alamofire/Alamofire.framework",
				"${BUILT_PRODUCTS_DIR}/JBDatePicker/JBDatePicker.framework",
				"${BUILT_PRODUCTS_DIR}/LoginController/LoginController.framework",
				"${BUILT_PRODUCTS_DIR}/SimpleCheckbox/SimpleCheckbox.framework",
				"${BUILT_PRODUCTS_DIR}/SwiftyJSON/SwiftyJSON.framework",
			);
			name = "[CP] Embed Pods Frameworks";
			outputFileListPaths = (
			);
			outputPaths = (
				"${TARGET_BUILD_DIR}/${FRAMEWORKS_FOLDER_PATH}/Alamofire.framework",
				"${TARGET_BUILD_DIR}/${FRAMEWORKS_FOLDER_PATH}/JBDatePicker.framework",
				"${TARGET_BUILD_DIR}/${FRAMEWORKS_FOLDER_PATH}/LoginController.framework",
				"${TARGET_BUILD_DIR}/${FRAMEWORKS_FOLDER_PATH}/SimpleCheckbox.framework",
				"${TARGET_BUILD_DIR}/${FRAMEWORKS_FOLDER_PATH}/SwiftyJSON.framework",
			);
			runOnlyForDeploymentPostprocessing = 0;
			shellPath = /bin/sh;
			shellScript = "\"${SRCROOT}/Pods/Target Support Files/Pods-TicketAlert/Pods-TicketAlert-frameworks.sh\"\n";
			showEnvVarsInLog = 0;
		};
		F4133F8986069116EE370BA9 /* [CP] Check Pods Manifest.lock */ = {
			isa = PBXShellScriptBuildPhase;
			buildActionMask = 2147483647;
			files = (
			);
			inputFileListPaths = (
			);
			inputPaths = (
				"${PODS_PODFILE_DIR_PATH}/Podfile.lock",
				"${PODS_ROOT}/Manifest.lock",
			);
			name = "[CP] Check Pods Manifest.lock";
			outputFileListPaths = (
			);
			outputPaths = (
				"$(DERIVED_FILE_DIR)/Pods-TicketAlert-checkManifestLockResult.txt",
			);
			runOnlyForDeploymentPostprocessing = 0;
			shellPath = /bin/sh;
			shellScript = "diff \"${PODS_PODFILE_DIR_PATH}/Podfile.lock\" \"${PODS_ROOT}/Manifest.lock\" > /dev/null\nif [ $? != 0 ] ; then\n    # print error to STDERR\n    echo \"error: The sandbox is not in sync with the Podfile.lock. Run 'pod install' or update your CocoaPods installation.\" >&2\n    exit 1\nfi\n# This output is used by Xcode 'outputs' to avoid re-running this script phase.\necho \"SUCCESS\" > \"${SCRIPT_OUTPUT_FILE_0}\"\n";
			showEnvVarsInLog = 0;
		};
/* End PBXShellScriptBuildPhase section */

/* Begin PBXSourcesBuildPhase section */
		4642163E216EEAEA0007A4BE /* Sources */ = {
			isa = PBXSourcesBuildPhase;
			buildActionMask = 2147483647;
			files = (
				4642165A216EEC650007A4BE /* Route.swift in Sources */,
				46421662216EEE6B0007A4BE /* HomeScreenViewController.swift in Sources */,
				46A48F36217C0FB8001B53AF /* LogInViewController.swift in Sources */,
				4642165C216EEC720007A4BE /* TicketQuery.swift in Sources */,
				46421646216EEAEA0007A4BE /* AppDelegate.swift in Sources */,
				4640423E21704E9200E85245 /* RouteListTableViewCell.swift in Sources */,
				46404242217316D700E85245 /* TabViewController.swift in Sources */,
				464042402171A93A00E85245 /* SubscribedViewController.swift in Sources */,
				46A48F38217C2978001B53AF /* SelfViewController.swift in Sources */,
				46421666216EFA250007A4BE /* StationCode.swift in Sources */,
			);
			runOnlyForDeploymentPostprocessing = 0;
		};
/* End PBXSourcesBuildPhase section */

/* Begin PBXVariantGroup section */
		46421649216EEAEA0007A4BE /* Main.storyboard */ = {
			isa = PBXVariantGroup;
			children = (
				4642164A216EEAEA0007A4BE /* Base */,
			);
			name = Main.storyboard;
			sourceTree = "<group>";
		};
		4642164E216EEAEB0007A4BE /* LaunchScreen.storyboard */ = {
			isa = PBXVariantGroup;
			children = (
				4642164F216EEAEB0007A4BE /* Base */,
			);
			name = LaunchScreen.storyboard;
			sourceTree = "<group>";
		};
/* End PBXVariantGroup section */

/* Begin XCBuildConfiguration section */
		46421652216EEAEB0007A4BE /* Debug */ = {
			isa = XCBuildConfiguration;
			buildSettings = {
				ALWAYS_SEARCH_USER_PATHS = NO;
				CLANG_ANALYZER_NONNULL = YES;
				CLANG_ANALYZER_NUMBER_OBJECT_CONVERSION = YES_AGGRESSIVE;
				CLANG_CXX_LANGUAGE_STANDARD = "gnu++14";
				CLANG_CXX_LIBRARY = "libc++";
				CLANG_ENABLE_MODULES = YES;
				CLANG_ENABLE_OBJC_ARC = YES;
				CLANG_ENABLE_OBJC_WEAK = YES;
				CLANG_WARN_BLOCK_CAPTURE_AUTORELEASING = YES;
				CLANG_WARN_BOOL_CONVERSION = YES;
				CLANG_WARN_COMMA = YES;
				CLANG_WARN_CONSTANT_CONVERSION = YES;
				CLANG_WARN_DEPRECATED_OBJC_IMPLEMENTATIONS = YES;
				CLANG_WARN_DIRECT_OBJC_ISA_USAGE = YES_ERROR;
				CLANG_WARN_DOCUMENTATION_COMMENTS = YES;
				CLANG_WARN_EMPTY_BODY = YES;
				CLANG_WARN_ENUM_CONVERSION = YES;
				CLANG_WARN_INFINITE_RECURSION = YES;
				CLANG_WARN_INT_CONVERSION = YES;
				CLANG_WARN_NON_LITERAL_NULL_CONVERSION = YES;
				CLANG_WARN_OBJC_IMPLICIT_RETAIN_SELF = YES;
				CLANG_WARN_OBJC_LITERAL_CONVERSION = YES;
				CLANG_WARN_OBJC_ROOT_CLASS = YES_ERROR;
				CLANG_WARN_RANGE_LOOP_ANALYSIS = YES;
				CLANG_WARN_STRICT_PROTOTYPES = YES;
				CLANG_WARN_SUSPICIOUS_MOVE = YES;
				CLANG_WARN_UNGUARDED_AVAILABILITY = YES_AGGRESSIVE;
				CLANG_WARN_UNREACHABLE_CODE = YES;
				CLANG_WARN__DUPLICATE_METHOD_MATCH = YES;
				CODE_SIGN_IDENTITY = "iPhone Developer";
				COPY_PHASE_STRIP = NO;
				DEBUG_INFORMATION_FORMAT = dwarf;
				ENABLE_STRICT_OBJC_MSGSEND = YES;
				ENABLE_TESTABILITY = YES;
				GCC_C_LANGUAGE_STANDARD = gnu11;
				GCC_DYNAMIC_NO_PIC = NO;
				GCC_NO_COMMON_BLOCKS = YES;
				GCC_OPTIMIZATION_LEVEL = 0;
				GCC_PREPROCESSOR_DEFINITIONS = (
					"DEBUG=1",
					"$(inherited)",
				);
				GCC_WARN_64_TO_32_BIT_CONVERSION = YES;
				GCC_WARN_ABOUT_RETURN_TYPE = YES_ERROR;
				GCC_WARN_UNDECLARED_SELECTOR = YES;
				GCC_WARN_UNINITIALIZED_AUTOS = YES_AGGRESSIVE;
				GCC_WARN_UNUSED_FUNCTION = YES;
				GCC_WARN_UNUSED_VARIABLE = YES;
				IPHONEOS_DEPLOYMENT_TARGET = 12.0;
				MTL_ENABLE_DEBUG_INFO = INCLUDE_SOURCE;
				MTL_FAST_MATH = YES;
				ONLY_ACTIVE_ARCH = YES;
				SDKROOT = iphoneos;
				SWIFT_ACTIVE_COMPILATION_CONDITIONS = DEBUG;
				SWIFT_OPTIMIZATION_LEVEL = "-Onone";
			};
			name = Debug;
		};
		46421653216EEAEB0007A4BE /* Release */ = {
			isa = XCBuildConfiguration;
			buildSettings = {
				ALWAYS_SEARCH_USER_PATHS = NO;
				CLANG_ANALYZER_NONNULL = YES;
				CLANG_ANALYZER_NUMBER_OBJECT_CONVERSION = YES_AGGRESSIVE;
				CLANG_CXX_LANGUAGE_STANDARD = "gnu++14";
				CLANG_CXX_LIBRARY = "libc++";
				CLANG_ENABLE_MODULES = YES;
				CLANG_ENABLE_OBJC_ARC = YES;
				CLANG_ENABLE_OBJC_WEAK = YES;
				CLANG_WARN_BLOCK_CAPTURE_AUTORELEASING = YES;
				CLANG_WARN_BOOL_CONVERSION = YES;
				CLANG_WARN_COMMA = YES;
				CLANG_WARN_CONSTANT_CONVERSION = YES;
				CLANG_WARN_DEPRECATED_OBJC_IMPLEMENTATIONS = YES;
				CLANG_WARN_DIRECT_OBJC_ISA_USAGE = YES_ERROR;
				CLANG_WARN_DOCUMENTATION_COMMENTS = YES;
				CLANG_WARN_EMPTY_BODY = YES;
				CLANG_WARN_ENUM_CONVERSION = YES;
				CLANG_WARN_INFINITE_RECURSION = YES;
				CLANG_WARN_INT_CONVERSION = YES;
				CLANG_WARN_NON_LITERAL_NULL_CONVERSION = YES;
				CLANG_WARN_OBJC_IMPLICIT_RETAIN_SELF = YES;
				CLANG_WARN_OBJC_LITERAL_CONVERSION = YES;
				CLANG_WARN_OBJC_ROOT_CLASS = YES_ERROR;
				CLANG_WARN_RANGE_LOOP_ANALYSIS = YES;
				CLANG_WARN_STRICT_PROTOTYPES = YES;
				CLANG_WARN_SUSPICIOUS_MOVE = YES;
				CLANG_WARN_UNGUARDED_AVAILABILITY = YES_AGGRESSIVE;
				CLANG_WARN_UNREACHABLE_CODE = YES;
				CLANG_WARN__DUPLICATE_METHOD_MATCH = YES;
				CODE_SIGN_IDENTITY = "iPhone Developer";
				COPY_PHASE_STRIP = NO;
				DEBUG_INFORMATION_FORMAT = "dwarf-with-dsym";
				ENABLE_NS_ASSERTIONS = NO;
				ENABLE_STRICT_OBJC_MSGSEND = YES;
				GCC_C_LANGUAGE_STANDARD = gnu11;
				GCC_NO_COMMON_BLOCKS = YES;
				GCC_WARN_64_TO_32_BIT_CONVERSION = YES;
				GCC_WARN_ABOUT_RETURN_TYPE = YES_ERROR;
				GCC_WARN_UNDECLARED_SELECTOR = YES;
				GCC_WARN_UNINITIALIZED_AUTOS = YES_AGGRESSIVE;
				GCC_WARN_UNUSED_FUNCTION = YES;
				GCC_WARN_UNUSED_VARIABLE = YES;
				IPHONEOS_DEPLOYMENT_TARGET = 12.0;
				MTL_ENABLE_DEBUG_INFO = NO;
				MTL_FAST_MATH = YES;
				SDKROOT = iphoneos;
				SWIFT_COMPILATION_MODE = wholemodule;
				SWIFT_OPTIMIZATION_LEVEL = "-O";
				VALIDATE_PRODUCT = YES;
			};
			name = Release;
		};
		46421655216EEAEB0007A4BE /* Debug */ = {
			isa = XCBuildConfiguration;
			baseConfigurationReference = 16325B59E4C978D417C60B5F /* Pods-TicketAlert.debug.xcconfig */;
			buildSettings = {
				ASSETCATALOG_COMPILER_APPICON_NAME = AppIcon;
				CODE_SIGN_STYLE = Automatic;
				DEVELOPMENT_TEAM = VXD7M36PV5;
				INFOPLIST_FILE = TicketAlert/Info.plist;
				IPHONEOS_DEPLOYMENT_TARGET = 11.4;
				LD_RUNPATH_SEARCH_PATHS = (
					"$(inherited)",
					"@executable_path/Frameworks",
				);
				PRODUCT_BUNDLE_IDENTIFIER = com.killnobody0514.TicketAlert;
				PRODUCT_NAME = "$(TARGET_NAME)";
				SWIFT_VERSION = 4.2;
				TARGETED_DEVICE_FAMILY = "1,2";
			};
			name = Debug;
		};
		46421656216EEAEB0007A4BE /* Release */ = {
			isa = XCBuildConfiguration;
			baseConfigurationReference = C298192BF6139214864D51D2 /* Pods-TicketAlert.release.xcconfig */;
			buildSettings = {
				ASSETCATALOG_COMPILER_APPICON_NAME = AppIcon;
				CODE_SIGN_STYLE = Automatic;
				DEVELOPMENT_TEAM = VXD7M36PV5;
				INFOPLIST_FILE = TicketAlert/Info.plist;
				IPHONEOS_DEPLOYMENT_TARGET = 11.4;
				LD_RUNPATH_SEARCH_PATHS = (
					"$(inherited)",
					"@executable_path/Frameworks",
				);
				PRODUCT_BUNDLE_IDENTIFIER = com.killnobody0514.TicketAlert;
				PRODUCT_NAME = "$(TARGET_NAME)";
				SWIFT_VERSION = 4.2;
				TARGETED_DEVICE_FAMILY = "1,2";
			};
			name = Release;
		};
/* End XCBuildConfiguration section */

/* Begin XCConfigurationList section */
		4642163D216EEAEA0007A4BE /* Build configuration list for PBXProject "TicketAlert" */ = {
			isa = XCConfigurationList;
			buildConfigurations = (
				46421652216EEAEB0007A4BE /* Debug */,
				46421653216EEAEB0007A4BE /* Release */,
			);
			defaultConfigurationIsVisible = 0;
			defaultConfigurationName = Release;
		};
		46421654216EEAEB0007A4BE /* Build configuration list for PBXNativeTarget "TicketAlert" */ = {
			isa = XCConfigurationList;
			buildConfigurations = (
				46421655216EEAEB0007A4BE /* Debug */,
				46421656216EEAEB0007A4BE /* Release */,
			);
			defaultConfigurationIsVisible = 0;
			defaultConfigurationName = Release;
		};
/* End XCConfigurationList section */
	};
	rootObject = 4642163A216EEAEA0007A4BE /* Project object */;
}
